hash: 646977867957d510690042bbb9af3c1fd1dc1e066053d3cd5bac239e1aa7ac51
updated: 2017-04-03T20:52:04.390455233Z
imports:
- name: github.com/golang/lint
  version: c7bacac2b21ca01afa1dee0acf64df3ce047c28f
  subpackages:
  - golint
- name: github.com/mattetti/goRailsYourself
  version: 540d176560cd8178185bb65a4c6ab672d576cb51
  subpackages:
  - crypto
testImports: []
