github.com/luismayta/hello_go v0.0.0-20231106113808-f8459b5b5cb4 h1:dkzFgWOeqHyPinuzGVtrJ320tWkieV+PWnafRFNxw4g=
github.com/luismayta/hello_go v0.0.0-20231106113808-f8459b5b5cb4/go.mod h1:Po6cBKmWtKtWHBqkj5exN1Pt3LGdaLZT5XiBGQmOd34=
github.com/luismayta/stringutil v0.0.0-20160831071638-328e578f02a2 h1:hY0Ztn1/1URQ3WmF5jWkrN/DzI8zRE127rhcHXJmjUU=
github.com/luismayta/stringutil v0.0.0-20160831071638-328e578f02a2/go.mod h1:3iaGrpMH3EF1gzd2NW4e4+s8Ic2bFbeKqHnQKUKLG5E=
