github.com/luismayta/hello_go v0.0.0-20211207213019-e0c833f1476a h1:ZZYmzVd3aVJ6qojReM6WxZiUMFpewhYEC0dQ5oJhFUc=
github.com/luismayta/hello_go v0.0.0-20211207213019-e0c833f1476a/go.mod h1:3dFUz20qU5HTWrCnMQ91yEMDPiCiaGQLSd/0OInMo70=
github.com/luismayta/stringutil v0.0.0-20160831071638-328e578f02a2 h1:hY0Ztn1/1URQ3WmF5jWkrN/DzI8zRE127rhcHXJmjUU=
github.com/luismayta/stringutil v0.0.0-20160831071638-328e578f02a2/go.mod h1:3iaGrpMH3EF1gzd2NW4e4+s8Ic2bFbeKqHnQKUKLG5E=
